
Microsoft Visual Studio Solution File, Format Version 12.00
# Visual Studio Version 16
VisualStudioVersion = 16.0.30804.86
MinimumVisualStudioVersion = 10.0.40219.1
Project("{FAE04EC0-301F-11D3-BF4B-00C04F79EFBC}") = "Aspnet.ApplicationInsights", "Aspnet.ApplicationInsights.csproj", "{18217FC3-029E-4860-A1C5-A9E031DEF4E5}"
EndProject
Global
	GlobalSection(SolutionConfigurationPlatforms) = preSolution
		Debug|Any CPU = Debug|Any CPU
		Release|Any CPU = Release|Any CPU
	EndGlobalSection
	GlobalSection(ProjectConfigurationPlatforms) = postSolution
		{18217FC3-029E-4860-A1C5-A9E031DEF4E5}.Debug|Any CPU.ActiveCfg = Debug|Any CPU
		{18217FC3-029E-4860-A1C5-A9E031DEF4E5}.Debug|Any CPU.Build.0 = Debug|Any CPU
		{18217FC3-029E-4860-A1C5-A9E031DEF4E5}.Release|Any CPU.ActiveCfg = Release|Any CPU
		{18217FC3-029E-4860-A1C5-A9E031DEF4E5}.Release|Any CPU.Build.0 = Release|Any CPU
	EndGlobalSection
	GlobalSection(SolutionProperties) = preSolution
		HideSolutionNode = FALSE
	EndGlobalSection
	GlobalSection(ExtensibilityGlobals) = postSolution
		SolutionGuid = {B325DD27-6797-4A73-848A-47BE81A6549D}
	EndGlobalSection
EndGlobal
